
Microsoft Visual Studio Solution File, Format Version 12.00
# Visual Studio Version 16
VisualStudioVersion = 16.0.31402.337
MinimumVisualStudioVersion = 10.0.40219.1
Project("{FAE04EC0-301F-11D3-BF4B-00C04F79EFBC}") = "dotnet-demo-project", "dotnet-demo-project.csproj", "{CE2E5CC1-D4BB-4BDF-BCCD-9BB7523F50C2}"
EndProject
Global
	GlobalSection(SolutionConfigurationPlatforms) = preSolution
		Debug|Any CPU = Debug|Any CPU
		Release|Any CPU = Release|Any CPU
	EndGlobalSection
	GlobalSection(ProjectConfigurationPlatforms) = postSolution
		{CE2E5CC1-D4BB-4BDF-BCCD-9BB7523F50C2}.Debug|Any CPU.ActiveCfg = Debug|Any CPU
		{CE2E5CC1-D4BB-4BDF-BCCD-9BB7523F50C2}.Debug|Any CPU.Build.0 = Debug|Any CPU
		{CE2E5CC1-D4BB-4BDF-BCCD-9BB7523F50C2}.Release|Any CPU.ActiveCfg = Release|Any CPU
		{CE2E5CC1-D4BB-4BDF-BCCD-9BB7523F50C2}.Release|Any CPU.Build.0 = Release|Any CPU
	EndGlobalSection
	GlobalSection(SolutionProperties) = preSolution
		HideSolutionNode = FALSE
	EndGlobalSection
	GlobalSection(ExtensibilityGlobals) = postSolution
		SolutionGuid = {53F66337-E092-4806-AA4A-D2D0D635322F}
	EndGlobalSection
EndGlobal
